// !$*UTF8*$!
{
	archiveVersion = 1;
	classes = {
	};
	objectVersion = 77;
	objects = {

/* Begin PBXContainerItemProxy section */
		B0D0A2572DD38F3C001CA4C0 /* PBXContainerItemProxy */ = {
			isa = PBXContainerItemProxy;
			containerPortal = B0D0A23E2DD38F3B001CA4C0 /* Project object */;
			proxyType = 1;
			remoteGlobalIDString = B0D0A2452DD38F3B001CA4C0;
			remoteInfo = Concurrency_SwiftUI;
		};
		B0D0A2612DD38F3C001CA4C0 /* PBXContainerItemProxy */ = {
			isa = PBXContainerItemProxy;
			containerPortal = B0D0A23E2DD38F3B001CA4C0 /* Project object */;
			proxyType = 1;
			remoteGlobalIDString = B0D0A2452DD38F3B001CA4C0;
			remoteInfo = Concurrency_SwiftUI;
		};
/* End PBXContainerItemProxy section */

/* Begin PBXFileReference section */
		B0D0A2462DD38F3B001CA4C0 /* Concurrency_SwiftUI.app */ = {isa = PBXFileReference; explicitFileType = wrapper.application; includeInIndex = 0; path = Concurrency_SwiftUI.app; sourceTree = BUILT_PRODUCTS_DIR; };
		B0D0A2562DD38F3C001CA4C0 /* Concurrency_SwiftUITests.xctest */ = {isa = PBXFileReference; explicitFileType = wrapper.cfbundle; includeInIndex = 0; path = Concurrency_SwiftUITests.xctest; sourceTree = BUILT_PRODUCTS_DIR; };
		B0D0A2602DD38F3C001CA4C0 /* Concurrency_SwiftUIUITests.xctest */ = {isa = PBXFileReference; explicitFileType = wrapper.cfbundle; includeInIndex = 0; path = Concurrency_SwiftUIUITests.xctest; sourceTree = BUILT_PRODUCTS_DIR; };
/* End PBXFileReference section */

/* Begin PBXFileSystemSynchronizedRootGroup section */
		B0D0A2482DD38F3B001CA4C0 /* Concurrency_SwiftUI */ = {
			isa = PBXFileSystemSynchronizedRootGroup;
			path = Concurrency_SwiftUI;
			sourceTree = "<group>";
		};
		B0D0A2592DD38F3C001CA4C0 /* Concurrency_SwiftUITests */ = {
			isa = PBXFileSystemSynchronizedRootGroup;
			path = Concurrency_SwiftUITests;
			sourceTree = "<group>";
		};
		B0D0A2632DD38F3C001CA4C0 /* Concurrency_SwiftUIUITests */ = {
			isa = PBXFileSystemSynchronizedRootGroup;
			path = Concurrency_SwiftUIUITests;
			sourceTree = "<group>";
		};
/* End PBXFileSystemSynchronizedRootGroup section */

/* Begin PBXFrameworksBuildPhase section */
		B0D0A2432DD38F3B001CA4C0 /* Frameworks */ = {
			isa = PBXFrameworksBuildPhase;
			buildActionMask = 2147483647;
			files = (
			);
			runOnlyForDeploymentPostprocessing = 0;
		};
		B0D0A2532DD38F3C001CA4C0 /* Frameworks */ = {
			isa = PBXFrameworksBuildPhase;
			buildActionMask = 2147483647;
			files = (
			);
			runOnlyForDeploymentPostprocessing = 0;
		};
		B0D0A25D2DD38F3C001CA4C0 /* Frameworks */ = {
			isa = PBXFrameworksBuildPhase;
			buildActionMask = 2147483647;
			files = (
			);
			runOnlyForDeploymentPostprocessing = 0;
		};
/* End PBXFrameworksBuildPhase section */

/* Begin PBXGroup section */
		B0D0A23D2DD38F3B001CA4C0 = {
			isa = PBXGroup;
			children = (
				B0D0A2482DD38F3B001CA4C0 /* Concurrency_SwiftUI */,
				B0D0A2592DD38F3C001CA4C0 /* Concurrency_SwiftUITests */,
				B0D0A2632DD38F3C001CA4C0 /* Concurrency_SwiftUIUITests */,
				B0D0A2472DD38F3B001CA4C0 /* Products */,
			);
			sourceTree = "<group>";
		};
		B0D0A2472DD38F3B001CA4C0 /* Products */ = {
			isa = PBXGroup;
			children = (
				B0D0A2462DD38F3B001CA4C0 /* Concurrency_SwiftUI.app */,
				B0D0A2562DD38F3C001CA4C0 /* Concurrency_SwiftUITests.xctest */,
				B0D0A2602DD38F3C001CA4C0 /* Concurrency_SwiftUIUITests.xctest */,
			);
			name = Products;
			sourceTree = "<group>";
		};
/* End PBXGroup section */

/* Begin PBXNativeTarget section */
		B0D0A2452DD38F3B001CA4C0 /* Concurrency_SwiftUI */ = {
			isa = PBXNativeTarget;
			buildConfigurationList = B0D0A26A2DD38F3C001CA4C0 /* Build configuration list for PBXNativeTarget "Concurrency_SwiftUI" */;
			buildPhases = (
				B0D0A2422DD38F3B001CA4C0 /* Sources */,
				B0D0A2432DD38F3B001CA4C0 /* Frameworks */,
				B0D0A2442DD38F3B001CA4C0 /* Resources */,
			);
			buildRules = (
			);
			dependencies = (
			);
			fileSystemSynchronizedGroups = (
				B0D0A2482DD38F3B001CA4C0 /* Concurrency_SwiftUI */,
			);
			name = Concurrency_SwiftUI;
			packageProductDependencies = (
			);
			productName = Concurrency_SwiftUI;
			productReference = B0D0A2462DD38F3B001CA4C0 /* Concurrency_SwiftUI.app */;
			productType = "com.apple.product-type.application";
		};
		B0D0A2552DD38F3C001CA4C0 /* Concurrency_SwiftUITests */ = {
			isa = PBXNativeTarget;
			buildConfigurationList = B0D0A26D2DD38F3C001CA4C0 /* Build configuration list for PBXNativeTarget "Concurrency_SwiftUITests" */;
			buildPhases = (
				B0D0A2522DD38F3C001CA4C0 /* Sources */,
				B0D0A2532DD38F3C001CA4C0 /* Frameworks */,
				B0D0A2542DD38F3C001CA4C0 /* Resources */,
			);
			buildRules = (
			);
			dependencies = (
				B0D0A2582DD38F3C001CA4C0 /* PBXTargetDependency */,
			);
			fileSystemSynchronizedGroups = (
				B0D0A2592DD38F3C001CA4C0 /* Concurrency_SwiftUITests */,
			);
			name = Concurrency_SwiftUITests;
			packageProductDependencies = (
			);
			productName = Concurrency_SwiftUITests;
			productReference = B0D0A2562DD38F3C001CA4C0 /* Concurrency_SwiftUITests.xctest */;
			productType = "com.apple.product-type.bundle.unit-test";
		};
		B0D0A25F2DD38F3C001CA4C0 /* Concurrency_SwiftUIUITests */ = {
			isa = PBXNativeTarget;
			buildConfigurationList = B0D0A2702DD38F3C001CA4C0 /* Build configuration list for PBXNativeTarget "Concurrency_SwiftUIUITests" */;
			buildPhases = (
				B0D0A25C2DD38F3C001CA4C0 /* Sources */,
				B0D0A25D2DD38F3C001CA4C0 /* Frameworks */,
				B0D0A25E2DD38F3C001CA4C0 /* Resources */,
			);
			buildRules = (
			);
			dependencies = (
				B0D0A2622DD38F3C001CA4C0 /* PBXTargetDependency */,
			);
			fileSystemSynchronizedGroups = (
				B0D0A2632DD38F3C001CA4C0 /* Concurrency_SwiftUIUITests */,
			);
			name = Concurrency_SwiftUIUITests;
			packageProductDependencies = (
			);
			productName = Concurrency_SwiftUIUITests;
			productReference = B0D0A2602DD38F3C001CA4C0 /* Concurrency_SwiftUIUITests.xctest */;
			productType = "com.apple.product-type.bundle.ui-testing";
		};
/* End PBXNativeTarget section */

/* Begin PBXProject section */
		B0D0A23E2DD38F3B001CA4C0 /* Project object */ = {
			isa = PBXProject;
			attributes = {
				BuildIndependentTargetsInParallel = 1;
				LastSwiftUpdateCheck = 1600;
				LastUpgradeCheck = 1600;
				TargetAttributes = {
					B0D0A2452DD38F3B001CA4C0 = {
						CreatedOnToolsVersion = 16.0;
					};
					B0D0A2552DD38F3C001CA4C0 = {
						CreatedOnToolsVersion = 16.0;
						TestTargetID = B0D0A2452DD38F3B001CA4C0;
					};
					B0D0A25F2DD38F3C001CA4C0 = {
						CreatedOnToolsVersion = 16.0;
						TestTargetID = B0D0A2452DD38F3B001CA4C0;
					};
				};
			};
			buildConfigurationList = B0D0A2412DD38F3B001CA4C0 /* Build configuration list for PBXProject "Concurrency_SwiftUI" */;
			developmentRegion = en;
			hasScannedForEncodings = 0;
			knownRegions = (
				en,
				Base,
			);
			mainGroup = B0D0A23D2DD38F3B001CA4C0;
			minimizedProjectReferenceProxies = 1;
			preferredProjectObjectVersion = 77;
			productRefGroup = B0D0A2472DD38F3B001CA4C0 /* Products */;
			projectDirPath = "";
			projectRoot = "";
			targets = (
				B0D0A2452DD38F3B001CA4C0 /* Concurrency_SwiftUI */,
				B0D0A2552DD38F3C001CA4C0 /* Concurrency_SwiftUITests */,
				B0D0A25F2DD38F3C001CA4C0 /* Concurrency_SwiftUIUITests */,
			);
		};
/* End PBXProject section */

/* Begin PBXResourcesBuildPhase section */
		B0D0A2442DD38F3B001CA4C0 /* Resources */ = {
			isa = PBXResourcesBuildPhase;
			buildActionMask = 2147483647;
			files = (
			);
			runOnlyForDeploymentPostprocessing = 0;
		};
		B0D0A2542DD38F3C001CA4C0 /* Resources */ = {
			isa = PBXResourcesBuildPhase;
			buildActionMask = 2147483647;
			files = (
			);
			runOnlyForDeploymentPostprocessing = 0;
		};
		B0D0A25E2DD38F3C001CA4C0 /* Resources */ = {
			isa = PBXResourcesBuildPhase;
			buildActionMask = 2147483647;
			files = (
			);
			runOnlyForDeploymentPostprocessing = 0;
		};
/* End PBXResourcesBuildPhase section */

/* Begin PBXSourcesBuildPhase section */
		B0D0A2422DD38F3B001CA4C0 /* Sources */ = {
			isa = PBXSourcesBuildPhase;
			buildActionMask = 2147483647;
			files = (
			);
			runOnlyForDeploymentPostprocessing = 0;
		};
		B0D0A2522DD38F3C001CA4C0 /* Sources */ = {
			isa = PBXSourcesBuildPhase;
			buildActionMask = 2147483647;
			files = (
			);
			runOnlyForDeploymentPostprocessing = 0;
		};
		B0D0A25C2DD38F3C001CA4C0 /* Sources */ = {
			isa = PBXSourcesBuildPhase;
			buildActionMask = 2147483647;
			files = (
			);
			runOnlyForDeploymentPostprocessing = 0;
		};
/* End PBXSourcesBuildPhase section */

/* Begin PBXTargetDependency section */
		B0D0A2582DD38F3C001CA4C0 /* PBXTargetDependency */ = {
			isa = PBXTargetDependency;
			target = B0D0A2452DD38F3B001CA4C0 /* Concurrency_SwiftUI */;
			targetProxy = B0D0A2572DD38F3C001CA4C0 /* PBXContainerItemProxy */;
		};
		B0D0A2622DD38F3C001CA4C0 /* PBXTargetDependency */ = {
			isa = PBXTargetDependency;
			target = B0D0A2452DD38F3B001CA4C0 /* Concurrency_SwiftUI */;
			targetProxy = B0D0A2612DD38F3C001CA4C0 /* PBXContainerItemProxy */;
		};
/* End PBXTargetDependency section */

/* Begin XCBuildConfiguration section */
		B0D0A2682DD38F3C001CA4C0 /* Debug */ = {
			isa = XCBuildConfiguration;
			buildSettings = {
				ALWAYS_SEARCH_USER_PATHS = NO;
				ASSETCATALOG_COMPILER_GENERATE_SWIFT_ASSET_SYMBOL_EXTENSIONS = YES;
				CLANG_ANALYZER_NONNULL = YES;
				CLANG_ANALYZER_NUMBER_OBJECT_CONVERSION = YES_AGGRESSIVE;
				CLANG_CXX_LANGUAGE_STANDARD = "gnu++20";
				CLANG_ENABLE_MODULES = YES;
				CLANG_ENABLE_OBJC_ARC = YES;
				CLANG_ENABLE_OBJC_WEAK = YES;
				CLANG_WARN_BLOCK_CAPTURE_AUTORELEASING = YES;
				CLANG_WARN_BOOL_CONVERSION = YES;
				CLANG_WARN_COMMA = YES;
				CLANG_WARN_CONSTANT_CONVERSION = YES;
				CLANG_WARN_DEPRECATED_OBJC_IMPLEMENTATIONS = YES;
				CLANG_WARN_DIRECT_OBJC_ISA_USAGE = YES_ERROR;
				CLANG_WARN_DOCUMENTATION_COMMENTS = YES;
				CLANG_WARN_EMPTY_BODY = YES;
				CLANG_WARN_ENUM_CONVERSION = YES;
				CLANG_WARN_INFINITE_RECURSION = YES;
				CLANG_WARN_INT_CONVERSION = YES;
				CLANG_WARN_NON_LITERAL_NULL_CONVERSION = YES;
				CLANG_WARN_OBJC_IMPLICIT_RETAIN_SELF = YES;
				CLANG_WARN_OBJC_LITERAL_CONVERSION = YES;
				CLANG_WARN_OBJC_ROOT_CLASS = YES_ERROR;
				CLANG_WARN_QUOTED_INCLUDE_IN_FRAMEWORK_HEADER = YES;
				CLANG_WARN_RANGE_LOOP_ANALYSIS = YES;
				CLANG_WARN_STRICT_PROTOTYPES = YES;
				CLANG_WARN_SUSPICIOUS_MOVE = YES;
				CLANG_WARN_UNGUARDED_AVAILABILITY = YES_AGGRESSIVE;
				CLANG_WARN_UNREACHABLE_CODE = YES;
				CLANG_WARN__DUPLICATE_METHOD_MATCH = YES;
				COPY_PHASE_STRIP = NO;
				DEBUG_INFORMATION_FORMAT = dwarf;
				ENABLE_STRICT_OBJC_MSGSEND = YES;
				ENABLE_TESTABILITY = YES;
				ENABLE_USER_SCRIPT_SANDBOXING = YES;
				GCC_C_LANGUAGE_STANDARD = gnu17;
				GCC_DYNAMIC_NO_PIC = NO;
				GCC_NO_COMMON_BLOCKS = YES;
				GCC_OPTIMIZATION_LEVEL = 0;
				GCC_PREPROCESSOR_DEFINITIONS = (
					"DEBUG=1",
					"$(inherited)",
				);
				GCC_WARN_64_TO_32_BIT_CONVERSION = YES;
				GCC_WARN_ABOUT_RETURN_TYPE = YES_ERROR;
				GCC_WARN_UNDECLARED_SELECTOR = YES;
				GCC_WARN_UNINITIALIZED_AUTOS = YES_AGGRESSIVE;
				GCC_WARN_UNUSED_FUNCTION = YES;
				GCC_WARN_UNUSED_VARIABLE = YES;
				IPHONEOS_DEPLOYMENT_TARGET = 18.0;
				LOCALIZATION_PREFERS_STRING_CATALOGS = YES;
				MTL_ENABLE_DEBUG_INFO = INCLUDE_SOURCE;
				MTL_FAST_MATH = YES;
				ONLY_ACTIVE_ARCH = YES;
				SDKROOT = iphoneos;
				SWIFT_ACTIVE_COMPILATION_CONDITIONS = "DEBUG $(inherited)";
				SWIFT_OPTIMIZATION_LEVEL = "-Onone";
			};
			name = Debug;
		};
		B0D0A2692DD38F3C001CA4C0 /* Release */ = {
			isa = XCBuildConfiguration;
			buildSettings = {
				ALWAYS_SEARCH_USER_PATHS = NO;
				ASSETCATALOG_COMPILER_GENERATE_SWIFT_ASSET_SYMBOL_EXTENSIONS = YES;
				CLANG_ANALYZER_NONNULL = YES;
				CLANG_ANALYZER_NUMBER_OBJECT_CONVERSION = YES_AGGRESSIVE;
				CLANG_CXX_LANGUAGE_STANDARD = "gnu++20";
				CLANG_ENABLE_MODULES = YES;
				CLANG_ENABLE_OBJC_ARC = YES;
				CLANG_ENABLE_OBJC_WEAK = YES;
				CLANG_WARN_BLOCK_CAPTURE_AUTORELEASING = YES;
				CLANG_WARN_BOOL_CONVERSION = YES;
				CLANG_WARN_COMMA = YES;
				CLANG_WARN_CONSTANT_CONVERSION = YES;
				CLANG_WARN_DEPRECATED_OBJC_IMPLEMENTATIONS = YES;
				CLANG_WARN_DIRECT_OBJC_ISA_USAGE = YES_ERROR;
				CLANG_WARN_DOCUMENTATION_COMMENTS = YES;
				CLANG_WARN_EMPTY_BODY = YES;
				CLANG_WARN_ENUM_CONVERSION = YES;
				CLANG_WARN_INFINITE_RECURSION = YES;
				CLANG_WARN_INT_CONVERSION = YES;
				CLANG_WARN_NON_LITERAL_NULL_CONVERSION = YES;
				CLANG_WARN_OBJC_IMPLICIT_RETAIN_SELF = YES;
				CLANG_WARN_OBJC_LITERAL_CONVERSION = YES;
				CLANG_WARN_OBJC_ROOT_CLASS = YES_ERROR;
				CLANG_WARN_QUOTED_INCLUDE_IN_FRAMEWORK_HEADER = YES;
				CLANG_WARN_RANGE_LOOP_ANALYSIS = YES;
				CLANG_WARN_STRICT_PROTOTYPES = YES;
				CLANG_WARN_SUSPICIOUS_MOVE = YES;
				CLANG_WARN_UNGUARDED_AVAILABILITY = YES_AGGRESSIVE;
				CLANG_WARN_UNREACHABLE_CODE = YES;
				CLANG_WARN__DUPLICATE_METHOD_MATCH = YES;
				COPY_PHASE_STRIP = NO;
				DEBUG_INFORMATION_FORMAT = "dwarf-with-dsym";
				ENABLE_NS_ASSERTIONS = NO;
				ENABLE_STRICT_OBJC_MSGSEND = YES;
				ENABLE_USER_SCRIPT_SANDBOXING = YES;
				GCC_C_LANGUAGE_STANDARD = gnu17;
				GCC_NO_COMMON_BLOCKS = YES;
				GCC_WARN_64_TO_32_BIT_CONVERSION = YES;
				GCC_WARN_ABOUT_RETURN_TYPE = YES_ERROR;
				GCC_WARN_UNDECLARED_SELECTOR = YES;
				GCC_WARN_UNINITIALIZED_AUTOS = YES_AGGRESSIVE;
				GCC_WARN_UNUSED_FUNCTION = YES;
				GCC_WARN_UNUSED_VARIABLE = YES;
				IPHONEOS_DEPLOYMENT_TARGET = 18.0;
				LOCALIZATION_PREFERS_STRING_CATALOGS = YES;
				MTL_ENABLE_DEBUG_INFO = NO;
				MTL_FAST_MATH = YES;
				SDKROOT = iphoneos;
				SWIFT_COMPILATION_MODE = wholemodule;
				VALIDATE_PRODUCT = YES;
			};
			name = Release;
		};
		B0D0A26B2DD38F3C001CA4C0 /* Debug */ = {
			isa = XCBuildConfiguration;
			buildSettings = {
				ASSETCATALOG_COMPILER_APPICON_NAME = AppIcon;
				ASSETCATALOG_COMPILER_GLOBAL_ACCENT_COLOR_NAME = AccentColor;
				CODE_SIGN_STYLE = Automatic;
				CURRENT_PROJECT_VERSION = 1;
				DEVELOPMENT_ASSET_PATHS = "\"Concurrency_SwiftUI/Preview Content\"";
				DEVELOPMENT_TEAM = 574RRH85G7;
				ENABLE_PREVIEWS = YES;
				GENERATE_INFOPLIST_FILE = YES;
				INFOPLIST_KEY_UIApplicationSceneManifest_Generation = YES;
				INFOPLIST_KEY_UIApplicationSupportsIndirectInputEvents = YES;
				INFOPLIST_KEY_UILaunchScreen_Generation = YES;
				INFOPLIST_KEY_UISupportedInterfaceOrientations_iPad = "UIInterfaceOrientationPortrait UIInterfaceOrientationPortraitUpsideDown UIInterfaceOrientationLandscapeLeft UIInterfaceOrientationLandscapeRight";
				INFOPLIST_KEY_UISupportedInterfaceOrientations_iPhone = "UIInterfaceOrientationPortrait UIInterfaceOrientationLandscapeLeft UIInterfaceOrientationLandscapeRight";
				LD_RUNPATH_SEARCH_PATHS = (
					"$(inherited)",
					"@executable_path/Frameworks",
				);
				MARKETING_VERSION = 1.0;
				PRODUCT_BUNDLE_IDENTIFIER = "com.myorganization.Concurrency-SwiftUI";
				PRODUCT_NAME = "$(TARGET_NAME)";
				SWIFT_EMIT_LOC_STRINGS = YES;
				SWIFT_VERSION = 5.0;
				TARGETED_DEVICE_FAMILY = "1,2";
			};
			name = Debug;
		};
		B0D0A26C2DD38F3C001CA4C0 /* Release */ = {
			isa = XCBuildConfiguration;
			buildSettings = {
				ASSETCATALOG_COMPILER_APPICON_NAME = AppIcon;
				ASSETCATALOG_COMPILER_GLOBAL_ACCENT_COLOR_NAME = AccentColor;
				CODE_SIGN_STYLE = Automatic;
				CURRENT_PROJECT_VERSION = 1;
				DEVELOPMENT_ASSET_PATHS = "\"Concurrency_SwiftUI/Preview Content\"";
				DEVELOPMENT_TEAM = 574RRH85G7;
				ENABLE_PREVIEWS = YES;
				GENERATE_INFOPLIST_FILE = YES;
				INFOPLIST_KEY_UIApplicationSceneManifest_Generation = YES;
				INFOPLIST_KEY_UIApplicationSupportsIndirectInputEvents = YES;
				INFOPLIST_KEY_UILaunchScreen_Generation = YES;
				INFOPLIST_KEY_UISupportedInterfaceOrientations_iPad = "UIInterfaceOrientationPortrait UIInterfaceOrientationPortraitUpsideDown UIInterfaceOrientationLandscapeLeft UIInterfaceOrientationLandscapeRight";
				INFOPLIST_KEY_UISupportedInterfaceOrientations_iPhone = "UIInterfaceOrientationPortrait UIInterfaceOrientationLandscapeLeft UIInterfaceOrientationLandscapeRight";
				LD_RUNPATH_SEARCH_PATHS = (
					"$(inherited)",
					"@executable_path/Frameworks",
				);
				MARKETING_VERSION = 1.0;
				PRODUCT_BUNDLE_IDENTIFIER = "com.myorganization.Concurrency-SwiftUI";
				PRODUCT_NAME = "$(TARGET_NAME)";
				SWIFT_EMIT_LOC_STRINGS = YES;
				SWIFT_VERSION = 5.0;
				TARGETED_DEVICE_FAMILY = "1,2";
			};
			name = Release;
		};
		B0D0A26E2DD38F3C001CA4C0 /* Debug */ = {
			isa = XCBuildConfiguration;
			buildSettings = {
				BUNDLE_LOADER = "$(TEST_HOST)";
				CODE_SIGN_STYLE = Automatic;
				CURRENT_PROJECT_VERSION = 1;
				DEVELOPMENT_TEAM = 574RRH85G7;
				GENERATE_INFOPLIST_FILE = YES;
				IPHONEOS_DEPLOYMENT_TARGET = 18.0;
				MARKETING_VERSION = 1.0;
				PRODUCT_BUNDLE_IDENTIFIER = "com.myorganization.Concurrency-SwiftUITests";
				PRODUCT_NAME = "$(TARGET_NAME)";
				SWIFT_EMIT_LOC_STRINGS = NO;
				SWIFT_VERSION = 5.0;
				TARGETED_DEVICE_FAMILY = "1,2";
				TEST_HOST = "$(BUILT_PRODUCTS_DIR)/Concurrency_SwiftUI.app/$(BUNDLE_EXECUTABLE_FOLDER_PATH)/Concurrency_SwiftUI";
			};
			name = Debug;
		};
		B0D0A26F2DD38F3C001CA4C0 /* Release */ = {
			isa = XCBuildConfiguration;
			buildSettings = {
				BUNDLE_LOADER = "$(TEST_HOST)";
				CODE_SIGN_STYLE = Automatic;
				CURRENT_PROJECT_VERSION = 1;
				DEVELOPMENT_TEAM = 574RRH85G7;
				GENERATE_INFOPLIST_FILE = YES;
				IPHONEOS_DEPLOYMENT_TARGET = 18.0;
				MARKETING_VERSION = 1.0;
				PRODUCT_BUNDLE_IDENTIFIER = "com.myorganization.Concurrency-SwiftUITests";
				PRODUCT_NAME = "$(TARGET_NAME)";
				SWIFT_EMIT_LOC_STRINGS = NO;
				SWIFT_VERSION = 5.0;
				TARGETED_DEVICE_FAMILY = "1,2";
				TEST_HOST = "$(BUILT_PRODUCTS_DIR)/Concurrency_SwiftUI.app/$(BUNDLE_EXECUTABLE_FOLDER_PATH)/Concurrency_SwiftUI";
			};
			name = Release;
		};
		B0D0A2712DD38F3C001CA4C0 /* Debug */ = {
			isa = XCBuildConfiguration;
			buildSettings = {
				CODE_SIGN_STYLE = Automatic;
				CURRENT_PROJECT_VERSION = 1;
				DEVELOPMENT_TEAM = 574RRH85G7;
				GENERATE_INFOPLIST_FILE = YES;
				MARKETING_VERSION = 1.0;
				PRODUCT_BUNDLE_IDENTIFIER = "com.myorganization.Concurrency-SwiftUIUITests";
				PRODUCT_NAME = "$(TARGET_NAME)";
				SWIFT_EMIT_LOC_STRINGS = NO;
				SWIFT_VERSION = 5.0;
				TARGETED_DEVICE_FAMILY = "1,2";
				TEST_TARGET_NAME = Concurrency_SwiftUI;
			};
			name = Debug;
		};
		B0D0A2722DD38F3C001CA4C0 /* Release */ = {
			isa = XCBuildConfiguration;
			buildSettings = {
				CODE_SIGN_STYLE = Automatic;
				CURRENT_PROJECT_VERSION = 1;
				DEVELOPMENT_TEAM = 574RRH85G7;
				GENERATE_INFOPLIST_FILE = YES;
				MARKETING_VERSION = 1.0;
				PRODUCT_BUNDLE_IDENTIFIER = "com.myorganization.Concurrency-SwiftUIUITests";
				PRODUCT_NAME = "$(TARGET_NAME)";
				SWIFT_EMIT_LOC_STRINGS = NO;
				SWIFT_VERSION = 5.0;
				TARGETED_DEVICE_FAMILY = "1,2";
				TEST_TARGET_NAME = Concurrency_SwiftUI;
			};
			name = Release;
		};
/* End XCBuildConfiguration section */

/* Begin XCConfigurationList section */
		B0D0A2412DD38F3B001CA4C0 /* Build configuration list for PBXProject "Concurrency_SwiftUI" */ = {
			isa = XCConfigurationList;
			buildConfigurations = (
				B0D0A2682DD38F3C001CA4C0 /* Debug */,
				B0D0A2692DD38F3C001CA4C0 /* Release */,
			);
			defaultConfigurationIsVisible = 0;
			defaultConfigurationName = Release;
		};
		B0D0A26A2DD38F3C001CA4C0 /* Build configuration list for PBXNativeTarget "Concurrency_SwiftUI" */ = {
			isa = XCConfigurationList;
			buildConfigurations = (
				B0D0A26B2DD38F3C001CA4C0 /* Debug */,
				B0D0A26C2DD38F3C001CA4C0 /* Release */,
			);
			defaultConfigurationIsVisible = 0;
			defaultConfigurationName = Release;
		};
		B0D0A26D2DD38F3C001CA4C0 /* Build configuration list for PBXNativeTarget "Concurrency_SwiftUITests" */ = {
			isa = XCConfigurationList;
			buildConfigurations = (
				B0D0A26E2DD38F3C001CA4C0 /* Debug */,
				B0D0A26F2DD38F3C001CA4C0 /* Release */,
			);
			defaultConfigurationIsVisible = 0;
			defaultConfigurationName = Release;
		};
		B0D0A2702DD38F3C001CA4C0 /* Build configuration list for PBXNativeTarget "Concurrency_SwiftUIUITests" */ = {
			isa = XCConfigurationList;
			buildConfigurations = (
				B0D0A2712DD38F3C001CA4C0 /* Debug */,
				B0D0A2722DD38F3C001CA4C0 /* Release */,
			);
			defaultConfigurationIsVisible = 0;
			defaultConfigurationName = Release;
		};
/* End XCConfigurationList section */
	};
	rootObject = B0D0A23E2DD38F3B001CA4C0 /* Project object */;
}
